
Microsoft Visual Studio Solution File, Format Version 12.00
Project("{FAE04EC0-301F-11D3-BF4B-00C04F79EFBC}") = "Core", "Core\Core.csproj", "{A7910A6F-F7B4-47DC-8371-35B2BC8E538A}"
EndProject
Project("{FAE04EC0-301F-11D3-BF4B-00C04F79EFBC}") = "DeserializationTests", "DeserializationTests\DeserializationTests.csproj", "{D5C8B1A7-E57E-4BC6-A169-64D860B73D36}"
EndProject
Global
	GlobalSection(SolutionConfigurationPlatforms) = preSolution
		Debug|Any CPU = Debug|Any CPU
		Release|Any CPU = Release|Any CPU
	EndGlobalSection
	GlobalSection(ProjectConfigurationPlatforms) = postSolution
		{A7910A6F-F7B4-47DC-8371-35B2BC8E538A}.Debug|Any CPU.ActiveCfg = Debug|Any CPU
		{A7910A6F-F7B4-47DC-8371-35B2BC8E538A}.Debug|Any CPU.Build.0 = Debug|Any CPU
		{A7910A6F-F7B4-47DC-8371-35B2BC8E538A}.Release|Any CPU.ActiveCfg = Release|Any CPU
		{A7910A6F-F7B4-47DC-8371-35B2BC8E538A}.Release|Any CPU.Build.0 = Release|Any CPU
		{D5C8B1A7-E57E-4BC6-A169-64D860B73D36}.Debug|Any CPU.ActiveCfg = Debug|Any CPU
		{D5C8B1A7-E57E-4BC6-A169-64D860B73D36}.Debug|Any CPU.Build.0 = Debug|Any CPU
		{D5C8B1A7-E57E-4BC6-A169-64D860B73D36}.Release|Any CPU.ActiveCfg = Release|Any CPU
		{D5C8B1A7-E57E-4BC6-A169-64D860B73D36}.Release|Any CPU.Build.0 = Release|Any CPU
	EndGlobalSection
EndGlobal
